
Microsoft Visual Studio Solution File, Format Version 12.00
# Visual Studio Version 16
VisualStudioVersion = 16.0.29326.143
MinimumVisualStudioVersion = 10.0.40219.1
Project("{FAE04EC0-301F-11D3-BF4B-00C04F79EFBC}") = "ClassVector", "ClassVector.csproj", "{7C079F01-CFB1-4ECE-8735-A75CB61976D8}"
EndProject
Global
	GlobalSection(SolutionConfigurationPlatforms) = preSolution
		Debug|Any CPU = Debug|Any CPU
		Release|Any CPU = Release|Any CPU
	EndGlobalSection
	GlobalSection(ProjectConfigurationPlatforms) = postSolution
		{7C079F01-CFB1-4ECE-8735-A75CB61976D8}.Debug|Any CPU.ActiveCfg = Debug|Any CPU
		{7C079F01-CFB1-4ECE-8735-A75CB61976D8}.Debug|Any CPU.Build.0 = Debug|Any CPU
		{7C079F01-CFB1-4ECE-8735-A75CB61976D8}.Release|Any CPU.ActiveCfg = Release|Any CPU
		{7C079F01-CFB1-4ECE-8735-A75CB61976D8}.Release|Any CPU.Build.0 = Release|Any CPU
	EndGlobalSection
	GlobalSection(SolutionProperties) = preSolution
		HideSolutionNode = FALSE
	EndGlobalSection
	GlobalSection(ExtensibilityGlobals) = postSolution
		SolutionGuid = {16F8B8D4-CDF5-4137-BADF-08EAA1AFDD68}
	EndGlobalSection
EndGlobal
