
Microsoft Visual Studio Solution File, Format Version 12.00
# Visual Studio Version 16
VisualStudioVersion = 16.0.29326.143
MinimumVisualStudioVersion = 10.0.40219.1
Project("{FAE04EC0-301F-11D3-BF4B-00C04F79EFBC}") = "InheritanceClasses_17.02.20", "InheritanceClasses_17.02.20.csproj", "{350E3BBC-F7DD-4592-B157-9C3246474506}"
EndProject
Global
	GlobalSection(SolutionConfigurationPlatforms) = preSolution
		Debug|Any CPU = Debug|Any CPU
		Release|Any CPU = Release|Any CPU
	EndGlobalSection
	GlobalSection(ProjectConfigurationPlatforms) = postSolution
		{350E3BBC-F7DD-4592-B157-9C3246474506}.Debug|Any CPU.ActiveCfg = Debug|Any CPU
		{350E3BBC-F7DD-4592-B157-9C3246474506}.Debug|Any CPU.Build.0 = Debug|Any CPU
		{350E3BBC-F7DD-4592-B157-9C3246474506}.Release|Any CPU.ActiveCfg = Release|Any CPU
		{350E3BBC-F7DD-4592-B157-9C3246474506}.Release|Any CPU.Build.0 = Release|Any CPU
	EndGlobalSection
	GlobalSection(SolutionProperties) = preSolution
		HideSolutionNode = FALSE
	EndGlobalSection
	GlobalSection(ExtensibilityGlobals) = postSolution
		SolutionGuid = {9D848124-AD49-43C7-AD34-6F77F5498802}
	EndGlobalSection
EndGlobal
